
Microsoft Visual Studio Solution File, Format Version 12.00
# Visual Studio Version 17
VisualStudioVersion = 17.14.36414.22
MinimumVisualStudioVersion = 10.0.40219.1
Project("{8BC9CEB8-8B4A-11D0-8D11-00A0C91BC942}") = "GeometryDash1.0", "GeometryDash1.0\GeometryDash1.0.vcxproj", "{4EA14354-6071-4814-A22B-FC7F91842CBB}"
EndProject
Project("{8BC9CEB8-8B4A-11D0-8D11-00A0C91BC942}") = "Engine", "..\..\GamingCampus-MillieBourgois-25-26\shoot-em-up-super-awesome-team-name\Engine\Engine.vcxproj", "{58159B76-87A1-485B-8FF5-AC0CA169DC54}"
EndProject
Global
	GlobalSection(SolutionConfigurationPlatforms) = preSolution
		Debug|x64 = Debug|x64
		Debug|x86 = Debug|x86
		Release|x64 = Release|x64
		Release|x86 = Release|x86
	EndGlobalSection
	GlobalSection(ProjectConfigurationPlatforms) = postSolution
		{4EA14354-6071-4814-A22B-FC7F91842CBB}.Debug|x64.ActiveCfg = Debug|x64
		{4EA14354-6071-4814-A22B-FC7F91842CBB}.Debug|x64.Build.0 = Debug|x64
		{4EA14354-6071-4814-A22B-FC7F91842CBB}.Debug|x86.ActiveCfg = Debug|Win32
		{4EA14354-6071-4814-A22B-FC7F91842CBB}.Debug|x86.Build.0 = Debug|Win32
		{4EA14354-6071-4814-A22B-FC7F91842CBB}.Release|x64.ActiveCfg = Release|x64
		{4EA14354-6071-4814-A22B-FC7F91842CBB}.Release|x64.Build.0 = Release|x64
		{4EA14354-6071-4814-A22B-FC7F91842CBB}.Release|x86.ActiveCfg = Release|Win32
		{4EA14354-6071-4814-A22B-FC7F91842CBB}.Release|x86.Build.0 = Release|Win32
		{58159B76-87A1-485B-8FF5-AC0CA169DC54}.Debug|x64.ActiveCfg = Debug|x64
		{58159B76-87A1-485B-8FF5-AC0CA169DC54}.Debug|x64.Build.0 = Debug|x64
		{58159B76-87A1-485B-8FF5-AC0CA169DC54}.Debug|x86.ActiveCfg = Debug|Win32
		{58159B76-87A1-485B-8FF5-AC0CA169DC54}.Debug|x86.Build.0 = Debug|Win32
		{58159B76-87A1-485B-8FF5-AC0CA169DC54}.Release|x64.ActiveCfg = Release|x64
		{58159B76-87A1-485B-8FF5-AC0CA169DC54}.Release|x64.Build.0 = Release|x64
		{58159B76-87A1-485B-8FF5-AC0CA169DC54}.Release|x86.ActiveCfg = Release|Win32
		{58159B76-87A1-485B-8FF5-AC0CA169DC54}.Release|x86.Build.0 = Release|Win32
	EndGlobalSection
	GlobalSection(SolutionProperties) = preSolution
		HideSolutionNode = FALSE
	EndGlobalSection
	GlobalSection(ExtensibilityGlobals) = postSolution
		SolutionGuid = {ABA6B312-7F63-4172-A054-3BB486F15EBC}
	EndGlobalSection
EndGlobal
